# This file is automatically @generated by Cargo.
# It is not intended for manual editing.
version = 3

[[package]]
name = "ipaddr"
version = "0.1.0"

[[package]]
name = "rust-net-learn"
version = "0.1.0"

[[package]]
name = "tcpclient"
version = "0.1.0"

[[package]]
name = "tcpserver"
version = "0.1.0"

[[package]]
name = "udpclient"
version = "0.1.0"

[[package]]
name = "udpserver"
version = "0.1.0"
