# This file is automatically @generated by Cargo.
# It is not intended for manual editing.
version = 3

[[package]]
name = "ipaddr"
version = "0.1.0"

[[package]]
name = "ipnet"
version = "2.9.0"
source = "registry+https://github.com/rust-lang/crates.io-index"
checksum = "8f518f335dce6725a761382244631d86cf0ccb2863413590b31338feb467f9c3"

[[package]]
name = "rust-net-learn"
version = "0.1.0"

[[package]]
name = "socketaddr"
version = "0.1.0"

[[package]]
name = "tcpclient"
version = "0.1.0"

[[package]]
name = "tcpserver"
version = "0.1.0"

[[package]]
name = "udpclient"
version = "0.1.0"

[[package]]
name = "udpserver"
version = "0.1.0"

[[package]]
name = "use_ipnet"
version = "0.1.0"
dependencies = [
 "ipnet",
]
